// !$*UTF8*$!
{
	archiveVersion = 1;
	classes = {
	};
	objectVersion = 46;
	objects = {

/* Begin PBXBuildFile section */
		600A73D7187059BE0089679A /* GRIntroductView.m in Sources */ = {isa = PBXBuildFile; fileRef = 600A73D6187059BE0089679A /* GRIntroductView.m */; };
		60B265FC1877BEFA008E881E /* UIView+FirstResponder.m in Sources */ = {isa = PBXBuildFile; fileRef = 60B265FB1877BEFA008E881E /* UIView+FirstResponder.m */; };
		60B265FF1877C1D1008E881E /* GRSermonContentView.m in Sources */ = {isa = PBXBuildFile; fileRef = 60B265FE1877C1D1008E881E /* GRSermonContentView.m */; };
		60B266061877CBFF008E881E /* 1.pdf in Resources */ = {isa = PBXBuildFile; fileRef = 60B266041877CBFF008E881E /* 1.pdf */; };
		60B266071877CBFF008E881E /* t0101.mp3 in Resources */ = {isa = PBXBuildFile; fileRef = 60B266051877CBFF008E881E /* t0101.mp3 */; };
		60E649681877ECA800D5466B /* GRHeart.jpg in Resources */ = {isa = PBXBuildFile; fileRef = 60E649671877ECA800D5466B /* GRHeart.jpg */; };
		60E649861877FB1D00D5466B /* notifications.plist in Resources */ = {isa = PBXBuildFile; fileRef = 60E649851877FB1D00D5466B /* notifications.plist */; };
		60E649DD1878062400D5466B /* notifications0.plist in Resources */ = {isa = PBXBuildFile; fileRef = 60E649C01878062400D5466B /* notifications0.plist */; };
		60E649DE1878062400D5466B /* notifications1.plist in Resources */ = {isa = PBXBuildFile; fileRef = 60E649C11878062400D5466B /* notifications1.plist */; };
		60E649DF1878062400D5466B /* notifications10.plist in Resources */ = {isa = PBXBuildFile; fileRef = 60E649C21878062400D5466B /* notifications10.plist */; };
		60E649E01878062400D5466B /* notifications11.plist in Resources */ = {isa = PBXBuildFile; fileRef = 60E649C31878062400D5466B /* notifications11.plist */; };
		60E649E11878062400D5466B /* notifications12.plist in Resources */ = {isa = PBXBuildFile; fileRef = 60E649C41878062400D5466B /* notifications12.plist */; };
		60E649E21878062400D5466B /* notifications13.plist in Resources */ = {isa = PBXBuildFile; fileRef = 60E649C51878062400D5466B /* notifications13.plist */; };
		60E649E31878062400D5466B /* notifications14.plist in Resources */ = {isa = PBXBuildFile; fileRef = 60E649C61878062400D5466B /* notifications14.plist */; };
		60E649E41878062400D5466B /* notifications15.plist in Resources */ = {isa = PBXBuildFile; fileRef = 60E649C71878062400D5466B /* notifications15.plist */; };
		60E649E51878062400D5466B /* notifications16.plist in Resources */ = {isa = PBXBuildFile; fileRef = 60E649C81878062400D5466B /* notifications16.plist */; };
		60E649E61878062400D5466B /* notifications17.plist in Resources */ = {isa = PBXBuildFile; fileRef = 60E649C91878062400D5466B /* notifications17.plist */; };
		60E649E71878062400D5466B /* notifications18.plist in Resources */ = {isa = PBXBuildFile; fileRef = 60E649CA1878062400D5466B /* notifications18.plist */; };
		60E649E81878062400D5466B /* notifications19.plist in Resources */ = {isa = PBXBuildFile; fileRef = 60E649CB1878062400D5466B /* notifications19.plist */; };
		60E649E91878062400D5466B /* notifications2.plist in Resources */ = {isa = PBXBuildFile; fileRef = 60E649CC1878062400D5466B /* notifications2.plist */; };
		60E649EA1878062400D5466B /* notifications20.plist in Resources */ = {isa = PBXBuildFile; fileRef = 60E649CD1878062400D5466B /* notifications20.plist */; };
		60E649EB1878062400D5466B /* notifications21.plist in Resources */ = {isa = PBXBuildFile; fileRef = 60E649CE1878062400D5466B /* notifications21.plist */; };
		60E649EC1878062400D5466B /* notifications22.plist in Resources */ = {isa = PBXBuildFile; fileRef = 60E649CF1878062400D5466B /* notifications22.plist */; };
		60E649ED1878062400D5466B /* notifications23.plist in Resources */ = {isa = PBXBuildFile; fileRef = 60E649D01878062400D5466B /* notifications23.plist */; };
		60E649EE1878062400D5466B /* notifications24.plist in Resources */ = {isa = PBXBuildFile; fileRef = 60E649D11878062400D5466B /* notifications24.plist */; };
		60E649EF1878062400D5466B /* notifications25.plist in Resources */ = {isa = PBXBuildFile; fileRef = 60E649D21878062400D5466B /* notifications25.plist */; };
		60E649F01878062400D5466B /* notifications26.plist in Resources */ = {isa = PBXBuildFile; fileRef = 60E649D31878062400D5466B /* notifications26.plist */; };
		60E649F11878062400D5466B /* notifications27.plist in Resources */ = {isa = PBXBuildFile; fileRef = 60E649D41878062400D5466B /* notifications27.plist */; };
		60E649F21878062400D5466B /* notifications28.plist in Resources */ = {isa = PBXBuildFile; fileRef = 60E649D51878062400D5466B /* notifications28.plist */; };
		60E649F31878062400D5466B /* notifications3.plist in Resources */ = {isa = PBXBuildFile; fileRef = 60E649D61878062400D5466B /* notifications3.plist */; };
		60E649F41878062400D5466B /* notifications4.plist in Resources */ = {isa = PBXBuildFile; fileRef = 60E649D71878062400D5466B /* notifications4.plist */; };
		60E649F51878062400D5466B /* notifications5.plist in Resources */ = {isa = PBXBuildFile; fileRef = 60E649D81878062400D5466B /* notifications5.plist */; };
		60E649F61878062400D5466B /* notifications6.plist in Resources */ = {isa = PBXBuildFile; fileRef = 60E649D91878062400D5466B /* notifications6.plist */; };
		60E649F71878062400D5466B /* notifications7.plist in Resources */ = {isa = PBXBuildFile; fileRef = 60E649DA1878062400D5466B /* notifications7.plist */; };
		60E649F81878062400D5466B /* notifications8.plist in Resources */ = {isa = PBXBuildFile; fileRef = 60E649DB1878062400D5466B /* notifications8.plist */; };
		60E649F91878062400D5466B /* notifications9.plist in Resources */ = {isa = PBXBuildFile; fileRef = 60E649DC1878062400D5466B /* notifications9.plist */; };
		60F8024B186E725400503117 /* GRNavigationBarView.m in Sources */ = {isa = PBXBuildFile; fileRef = 60F8024A186E725400503117 /* GRNavigationBarView.m */; };
		920B99941885259B006BD620 /* GRExampleAvatar.png in Resources */ = {isa = PBXBuildFile; fileRef = 920B99921885259B006BD620 /* GRExampleAvatar.png */; };
		920B99951885259B006BD620 /* GRExampleAvatar@2x.png in Resources */ = {isa = PBXBuildFile; fileRef = 920B99931885259B006BD620 /* GRExampleAvatar@2x.png */; };
		920B999718852B21006BD620 /* GRAddButton@2x.png in Resources */ = {isa = PBXBuildFile; fileRef = 920B999618852B21006BD620 /* GRAddButton@2x.png */; };
		923ADEB51876B31900E20C2B /* GRContentView.m in Sources */ = {isa = PBXBuildFile; fileRef = 923ADEB41876B31900E20C2B /* GRContentView.m */; };
		9242AEFF1876A87C00F9FEFB /* GRBackButton.png in Resources */ = {isa = PBXBuildFile; fileRef = 9242AEFD1876A87B00F9FEFB /* GRBackButton.png */; };
		9242AF001876A87C00F9FEFB /* GRBackButton@2x.png in Resources */ = {isa = PBXBuildFile; fileRef = 9242AEFE1876A87C00F9FEFB /* GRBackButton@2x.png */; };
		92568CCA18850E3400994FC1 /* GRAvatarBackground@2x.png in Resources */ = {isa = PBXBuildFile; fileRef = 92568CC918850E3300994FC1 /* GRAvatarBackground@2x.png */; };
		92568CCC18850E5500994FC1 /* GRAvatarBackground.png in Resources */ = {isa = PBXBuildFile; fileRef = 92568CCB18850E5500994FC1 /* GRAvatarBackground.png */; };
		92568CCF1885117100994FC1 /* GRSettingsView.m in Sources */ = {isa = PBXBuildFile; fileRef = 92568CCE1885117100994FC1 /* GRSettingsView.m */; };
		92568CD21885148300994FC1 /* UISwitch+BlockSupport.m in Sources */ = {isa = PBXBuildFile; fileRef = 92568CD11885148300994FC1 /* UISwitch+BlockSupport.m */; };
		9267334E187258C500249E37 /* libNoahsRecordStatic.a in Frameworks */ = {isa = PBXBuildFile; fileRef = 9267334B1872588400249E37 /* libNoahsRecordStatic.a */; };
		9267339F187266C600249E37 /* libsqlite3.dylib in Frameworks */ = {isa = PBXBuildFile; fileRef = 9267339E187266C600249E37 /* libsqlite3.dylib */; };
		926733D91872A84100249E37 /* GRDataService.m in Sources */ = {isa = PBXBuildFile; fileRef = 926733D81872A84100249E37 /* GRDataService.m */; };
		926733DC1872B9DD00249E37 /* GRResourceInfoView.m in Sources */ = {isa = PBXBuildFile; fileRef = 926733DB1872B9DD00249E37 /* GRResourceInfoView.m */; };
		926733DF1872BA1200249E37 /* GRResourceManager.m in Sources */ = {isa = PBXBuildFile; fileRef = 926733DE1872BA1200249E37 /* GRResourceManager.m */; };
		927C9FA3186D66DC00DC0EDC /* Foundation.framework in Frameworks */ = {isa = PBXBuildFile; fileRef = 927C9FA2186D66DC00DC0EDC /* Foundation.framework */; };
		927C9FA5186D66DC00DC0EDC /* CoreGraphics.framework in Frameworks */ = {isa = PBXBuildFile; fileRef = 927C9FA4186D66DC00DC0EDC /* CoreGraphics.framework */; };
		927C9FA7186D66DC00DC0EDC /* UIKit.framework in Frameworks */ = {isa = PBXBuildFile; fileRef = 927C9FA6186D66DC00DC0EDC /* UIKit.framework */; };
		927C9FAD186D66DC00DC0EDC /* InfoPlist.strings in Resources */ = {isa = PBXBuildFile; fileRef = 927C9FAB186D66DC00DC0EDC /* InfoPlist.strings */; };
		927C9FAF186D66DC00DC0EDC /* main.m in Sources */ = {isa = PBXBuildFile; fileRef = 927C9FAE186D66DC00DC0EDC /* main.m */; };
		927C9FB3186D66DC00DC0EDC /* GRAppDelegate.m in Sources */ = {isa = PBXBuildFile; fileRef = 927C9FB2186D66DC00DC0EDC /* GRAppDelegate.m */; };
		927C9FB5186D66DC00DC0EDC /* Images.xcassets in Resources */ = {isa = PBXBuildFile; fileRef = 927C9FB4186D66DC00DC0EDC /* Images.xcassets */; };
		927C9FBC186D66DC00DC0EDC /* XCTest.framework in Frameworks */ = {isa = PBXBuildFile; fileRef = 927C9FBB186D66DC00DC0EDC /* XCTest.framework */; };
		927C9FBD186D66DC00DC0EDC /* Foundation.framework in Frameworks */ = {isa = PBXBuildFile; fileRef = 927C9FA2186D66DC00DC0EDC /* Foundation.framework */; };
		927C9FBE186D66DC00DC0EDC /* UIKit.framework in Frameworks */ = {isa = PBXBuildFile; fileRef = 927C9FA6186D66DC00DC0EDC /* UIKit.framework */; };
		927C9FC6186D66DC00DC0EDC /* InfoPlist.strings in Resources */ = {isa = PBXBuildFile; fileRef = 927C9FC4186D66DC00DC0EDC /* InfoPlist.strings */; };
		927C9FC8186D66DC00DC0EDC /* GraceRoadTests.m in Sources */ = {isa = PBXBuildFile; fileRef = 927C9FC7186D66DC00DC0EDC /* GraceRoadTests.m */; };
		927C9FD4186D675100DC0EDC /* GRMainViewController.m in Sources */ = {isa = PBXBuildFile; fileRef = 927C9FD2186D675100DC0EDC /* GRMainViewController.m */; };
		927C9FD8186D69A700DC0EDC /* GRServeView.m in Sources */ = {isa = PBXBuildFile; fileRef = 927C9FD7186D69A700DC0EDC /* GRServeView.m */; };
		927CA091186D7A3200DC0EDC /* libKal.a in Frameworks */ = {isa = PBXBuildFile; fileRef = 927CA08E186D7A2200DC0EDC /* libKal.a */; };
		927CA096186D7E2000DC0EDC /* Kal.bundle in Resources */ = {isa = PBXBuildFile; fileRef = 927CA095186D7E2000DC0EDC /* Kal.bundle */; };
		927CA099186D7E7700DC0EDC /* GRPreferenceView.m in Sources */ = {isa = PBXBuildFile; fileRef = 927CA098186D7E7700DC0EDC /* GRPreferenceView.m */; };
		927CA09C186D7FD600DC0EDC /* GRResourceView.m in Sources */ = {isa = PBXBuildFile; fileRef = 927CA09B186D7FD600DC0EDC /* GRResourceView.m */; };
		927CA09F186D7FE300DC0EDC /* GRCommunicationView.m in Sources */ = {isa = PBXBuildFile; fileRef = 927CA09E186D7FE300DC0EDC /* GRCommunicationView.m */; };
		9294D45118766369009352DB /* GRAudio.png in Resources */ = {isa = PBXBuildFile; fileRef = 9294D44F18766369009352DB /* GRAudio.png */; };
		9294D45218766369009352DB /* GRAudio@2x.png in Resources */ = {isa = PBXBuildFile; fileRef = 9294D45018766369009352DB /* GRAudio@2x.png */; };
		9294D456187665A5009352DB /* UIAlertView+BlockSupport.m in Sources */ = {isa = PBXBuildFile; fileRef = 9294D455187665A5009352DB /* UIAlertView+BlockSupport.m */; };
		929989B618768C2E0001EFDC /* MFCacheManager.m in Sources */ = {isa = PBXBuildFile; fileRef = 929989A918768C2E0001EFDC /* MFCacheManager.m */; };
		929989B718768C2E0001EFDC /* MFCacheManagerInternal.m in Sources */ = {isa = PBXBuildFile; fileRef = 929989AB18768C2E0001EFDC /* MFCacheManagerInternal.m */; };
		929989B818768C2E0001EFDC /* MFNetworkClient.m in Sources */ = {isa = PBXBuildFile; fileRef = 929989AD18768C2E0001EFDC /* MFNetworkClient.m */; };
		929989B918768C2E0001EFDC /* MFNetworkClientInternal.m in Sources */ = {isa = PBXBuildFile; fileRef = 929989AF18768C2E0001EFDC /* MFNetworkClientInternal.m */; };
		929989BA18768C2E0001EFDC /* MFNetworkFileCacheManager.m in Sources */ = {isa = PBXBuildFile; fileRef = 929989B118768C2E0001EFDC /* MFNetworkFileCacheManager.m */; };
		929989BB18768C2E0001EFDC /* MFNetworkFileCacheManagerInternal.m in Sources */ = {isa = PBXBuildFile; fileRef = 929989B318768C2E0001EFDC /* MFNetworkFileCacheManagerInternal.m */; };
		929989BC18768C2E0001EFDC /* MFNetworkOperation.m in Sources */ = {isa = PBXBuildFile; fileRef = 929989B518768C2E0001EFDC /* MFNetworkOperation.m */; };
		929989BF18768C750001EFDC /* MFRunLoopOperation.m in Sources */ = {isa = PBXBuildFile; fileRef = 929989BE18768C750001EFDC /* MFRunLoopOperation.m */; };
		929989C218768C9C0001EFDC /* NSString+CMBExtensions.m in Sources */ = {isa = PBXBuildFile; fileRef = 929989C118768C9C0001EFDC /* NSString+CMBExtensions.m */; };
		929989C518768D550001EFDC /* NSData+CMBExtensions.m in Sources */ = {isa = PBXBuildFile; fileRef = 929989C418768D550001EFDC /* NSData+CMBExtensions.m */; };
		929989C9187692580001EFDC /* GRViewService.m in Sources */ = {isa = PBXBuildFile; fileRef = 929989C8187692580001EFDC /* GRViewService.m */; };
		92CE91391874F9DB00C7D3A1 /* GRSermonView.m in Sources */ = {isa = PBXBuildFile; fileRef = 92CE91381874F9DB00C7D3A1 /* GRSermonView.m */; };
		92CE914318755BEB00C7D3A1 /* gr.sqlite in Resources */ = {isa = PBXBuildFile; fileRef = 92CE913C18755BEB00C7D3A1 /* gr.sqlite */; };
		92CE914418755BEB00C7D3A1 /* GRLocationTab@2x.png in Resources */ = {isa = PBXBuildFile; fileRef = 92CE913F18755BEB00C7D3A1 /* GRLocationTab@2x.png */; };
		92CE914518755BEB00C7D3A1 /* GRPreferenceTab@2x.png in Resources */ = {isa = PBXBuildFile; fileRef = 92CE914018755BEB00C7D3A1 /* GRPreferenceTab@2x.png */; };
		92CE914618755BEB00C7D3A1 /* GRResourceTab@2x.png in Resources */ = {isa = PBXBuildFile; fileRef = 92CE914118755BEB00C7D3A1 /* GRResourceTab@2x.png */; };
		92CE914718755BEB00C7D3A1 /* GRSermonTab@2x.png in Resources */ = {isa = PBXBuildFile; fileRef = 92CE914218755BEB00C7D3A1 /* GRSermonTab@2x.png */; };
		92CE914A1875699A00C7D3A1 /* GRIconPDF.png in Resources */ = {isa = PBXBuildFile; fileRef = 92CE91481875699A00C7D3A1 /* GRIconPDF.png */; };
		92CE914B1875699A00C7D3A1 /* GRIconPDF@2x.png in Resources */ = {isa = PBXBuildFile; fileRef = 92CE91491875699A00C7D3A1 /* GRIconPDF@2x.png */; };
		92FFDF74187A505600FF3C15 /* GRLoginView.m in Sources */ = {isa = PBXBuildFile; fileRef = 92FFDF73187A505600FF3C15 /* GRLoginView.m */; };
		92FFDF77187A5D3B00FF3C15 /* GRUserProfileView.m in Sources */ = {isa = PBXBuildFile; fileRef = 92FFDF76187A5D3B00FF3C15 /* GRUserProfileView.m */; };
		92FFDF7A187A616400FF3C15 /* GRPrayView.m in Sources */ = {isa = PBXBuildFile; fileRef = 92FFDF79187A616400FF3C15 /* GRPrayView.m */; };
		92FFDF7D187A8CAE00FF3C15 /* GRAddButton.png in Resources */ = {isa = PBXBuildFile; fileRef = 92FFDF7C187A8CAE00FF3C15 /* GRAddButton.png */; };
/* End PBXBuildFile section */

/* Begin PBXContainerItemProxy section */
		9267334A1872588400249E37 /* PBXContainerItemProxy */ = {
			isa = PBXContainerItemProxy;
			containerPortal = 9267333D1872588400249E37 /* NoahsRecord.xcodeproj */;
			proxyType = 2;
			remoteGlobalIDString = 60CBA11617715BA200E539A0;
			remoteInfo = NoahsRecordStatic;
		};
		9267334C187258B600249E37 /* PBXContainerItemProxy */ = {
			isa = PBXContainerItemProxy;
			containerPortal = 9267333D1872588400249E37 /* NoahsRecord.xcodeproj */;
			proxyType = 1;
			remoteGlobalIDString = 60CBA11517715BA200E539A0;
			remoteInfo = NoahsRecordStatic;
		};
		927C9FBF186D66DC00DC0EDC /* PBXContainerItemProxy */ = {
			isa = PBXContainerItemProxy;
			containerPortal = 927C9F97186D66DC00DC0EDC /* Project object */;
			proxyType = 1;
			remoteGlobalIDString = 927C9F9E186D66DC00DC0EDC;
			remoteInfo = GraceRoad;
		};
		927CA08D186D7A2200DC0EDC /* PBXContainerItemProxy */ = {
			isa = PBXContainerItemProxy;
			containerPortal = 927CA089186D7A2200DC0EDC /* Kal.xcodeproj */;
			proxyType = 2;
			remoteGlobalIDString = D2AAC07E0554694100DB518D;
			remoteInfo = Kal;
		};
		927CA08F186D7A2D00DC0EDC /* PBXContainerItemProxy */ = {
			isa = PBXContainerItemProxy;
			containerPortal = 927CA089186D7A2200DC0EDC /* Kal.xcodeproj */;
			proxyType = 1;
			remoteGlobalIDString = D2AAC07D0554694100DB518D;
			remoteInfo = Kal;
		};
/* End PBXContainerItemProxy section */

/* Begin PBXFileReference section */
		600A73D5187059BE0089679A /* GRIntroductView.h */ = {isa = PBXFileReference; fileEncoding = 4; lastKnownFileType = sourcecode.c.h; path = GRIntroductView.h; sourceTree = "<group>"; };
		600A73D6187059BE0089679A /* GRIntroductView.m */ = {isa = PBXFileReference; fileEncoding = 4; lastKnownFileType = sourcecode.c.objc; path = GRIntroductView.m; sourceTree = "<group>"; };
		60B265FA1877BEFA008E881E /* UIView+FirstResponder.h */ = {isa = PBXFileReference; fileEncoding = 4; lastKnownFileType = sourcecode.c.h; path = "UIView+FirstResponder.h"; sourceTree = "<group>"; };
		60B265FB1877BEFA008E881E /* UIView+FirstResponder.m */ = {isa = PBXFileReference; fileEncoding = 4; lastKnownFileType = sourcecode.c.objc; path = "UIView+FirstResponder.m"; sourceTree = "<group>"; };
		60B265FD1877C1D1008E881E /* GRSermonContentView.h */ = {isa = PBXFileReference; fileEncoding = 4; lastKnownFileType = sourcecode.c.h; path = GRSermonContentView.h; sourceTree = "<group>"; };
		60B265FE1877C1D1008E881E /* GRSermonContentView.m */ = {isa = PBXFileReference; fileEncoding = 4; lastKnownFileType = sourcecode.c.objc; path = GRSermonContentView.m; sourceTree = "<group>"; };
		60B266041877CBFF008E881E /* 1.pdf */ = {isa = PBXFileReference; lastKnownFileType = image.pdf; name = 1.pdf; path = Images/Main/1.pdf; sourceTree = "<group>"; };
		60B266051877CBFF008E881E /* t0101.mp3 */ = {isa = PBXFileReference; lastKnownFileType = audio.mp3; name = t0101.mp3; path = Images/Main/t0101.mp3; sourceTree = "<group>"; };
		60E649671877ECA800D5466B /* GRHeart.jpg */ = {isa = PBXFileReference; lastKnownFileType = image.jpeg; name = GRHeart.jpg; path = Main/GRHeart.jpg; sourceTree = "<group>"; };
		60E649851877FB1D00D5466B /* notifications.plist */ = {isa = PBXFileReference; fileEncoding = 4; lastKnownFileType = text.plist.xml; name = notifications.plist; path = Images/Main/notifications.plist; sourceTree = "<group>"; };
		60E649C01878062400D5466B /* notifications0.plist */ = {isa = PBXFileReference; fileEncoding = 4; lastKnownFileType = text.plist.xml; path = notifications0.plist; sourceTree = "<group>"; };
		60E649C11878062400D5466B /* notifications1.plist */ = {isa = PBXFileReference; fileEncoding = 4; lastKnownFileType = text.plist.xml; path = notifications1.plist; sourceTree = "<group>"; };
		60E649C21878062400D5466B /* notifications10.plist */ = {isa = PBXFileReference; fileEncoding = 4; lastKnownFileType = text.plist.xml; path = notifications10.plist; sourceTree = "<group>"; };
		60E649C31878062400D5466B /* notifications11.plist */ = {isa = PBXFileReference; fileEncoding = 4; lastKnownFileType = text.plist.xml; path = notifications11.plist; sourceTree = "<group>"; };
		60E649C41878062400D5466B /* notifications12.plist */ = {isa = PBXFileReference; fileEncoding = 4; lastKnownFileType = text.plist.xml; path = notifications12.plist; sourceTree = "<group>"; };
		60E649C51878062400D5466B /* notifications13.plist */ = {isa = PBXFileReference; fileEncoding = 4; lastKnownFileType = text.plist.xml; path = notifications13.plist; sourceTree = "<group>"; };
		60E649C61878062400D5466B /* notifications14.plist */ = {isa = PBXFileReference; fileEncoding = 4; lastKnownFileType = text.plist.xml; path = notifications14.plist; sourceTree = "<group>"; };
		60E649C71878062400D5466B /* notifications15.plist */ = {isa = PBXFileReference; fileEncoding = 4; lastKnownFileType = text.plist.xml; path = notifications15.plist; sourceTree = "<group>"; };
		60E649C81878062400D5466B /* notifications16.plist */ = {isa = PBXFileReference; fileEncoding = 4; lastKnownFileType = text.plist.xml; path = notifications16.plist; sourceTree = "<group>"; };
		60E649C91878062400D5466B /* notifications17.plist */ = {isa = PBXFileReference; fileEncoding = 4; lastKnownFileType = text.plist.xml; path = notifications17.plist; sourceTree = "<group>"; };
		60E649CA1878062400D5466B /* notifications18.plist */ = {isa = PBXFileReference; fileEncoding = 4; lastKnownFileType = text.plist.xml; path = notifications18.plist; sourceTree = "<group>"; };
		60E649CB1878062400D5466B /* notifications19.plist */ = {isa = PBXFileReference; fileEncoding = 4; lastKnownFileType = text.plist.xml; path = notifications19.plist; sourceTree = "<group>"; };
		60E649CC1878062400D5466B /* notifications2.plist */ = {isa = PBXFileReference; fileEncoding = 4; lastKnownFileType = text.plist.xml; path = notifications2.plist; sourceTree = "<group>"; };
		60E649CD1878062400D5466B /* notifications20.plist */ = {isa = PBXFileReference; fileEncoding = 4; lastKnownFileType = text.plist.xml; path = notifications20.plist; sourceTree = "<group>"; };
		60E649CE1878062400D5466B /* notifications21.plist */ = {isa = PBXFileReference; fileEncoding = 4; lastKnownFileType = text.plist.xml; path = notifications21.plist; sourceTree = "<group>"; };
		60E649CF1878062400D5466B /* notifications22.plist */ = {isa = PBXFileReference; fileEncoding = 4; lastKnownFileType = text.plist.xml; path = notifications22.plist; sourceTree = "<group>"; };
		60E649D01878062400D5466B /* notifications23.plist */ = {isa = PBXFileReference; fileEncoding = 4; lastKnownFileType = text.plist.xml; path = notifications23.plist; sourceTree = "<group>"; };
		60E649D11878062400D5466B /* notifications24.plist */ = {isa = PBXFileReference; fileEncoding = 4; lastKnownFileType = text.plist.xml; path = notifications24.plist; sourceTree = "<group>"; };
		60E649D21878062400D5466B /* notifications25.plist */ = {isa = PBXFileReference; fileEncoding = 4; lastKnownFileType = text.plist.xml; path = notifications25.plist; sourceTree = "<group>"; };
		60E649D31878062400D5466B /* notifications26.plist */ = {isa = PBXFileReference; fileEncoding = 4; lastKnownFileType = text.plist.xml; path = notifications26.plist; sourceTree = "<group>"; };
		60E649D41878062400D5466B /* notifications27.plist */ = {isa = PBXFileReference; fileEncoding = 4; lastKnownFileType = text.plist.xml; path = notifications27.plist; sourceTree = "<group>"; };
		60E649D51878062400D5466B /* notifications28.plist */ = {isa = PBXFileReference; fileEncoding = 4; lastKnownFileType = text.plist.xml; path = notifications28.plist; sourceTree = "<group>"; };
		60E649D61878062400D5466B /* notifications3.plist */ = {isa = PBXFileReference; fileEncoding = 4; lastKnownFileType = text.plist.xml; path = notifications3.plist; sourceTree = "<group>"; };
		60E649D71878062400D5466B /* notifications4.plist */ = {isa = PBXFileReference; fileEncoding = 4; lastKnownFileType = text.plist.xml; path = notifications4.plist; sourceTree = "<group>"; };
		60E649D81878062400D5466B /* notifications5.plist */ = {isa = PBXFileReference; fileEncoding = 4; lastKnownFileType = text.plist.xml; path = notifications5.plist; sourceTree = "<group>"; };
		60E649D91878062400D5466B /* notifications6.plist */ = {isa = PBXFileReference; fileEncoding = 4; lastKnownFileType = text.plist.xml; path = notifications6.plist; sourceTree = "<group>"; };
		60E649DA1878062400D5466B /* notifications7.plist */ = {isa = PBXFileReference; fileEncoding = 4; lastKnownFileType = text.plist.xml; path = notifications7.plist; sourceTree = "<group>"; };
		60E649DB1878062400D5466B /* notifications8.plist */ = {isa = PBXFileReference; fileEncoding = 4; lastKnownFileType = text.plist.xml; path = notifications8.plist; sourceTree = "<group>"; };
		60E649DC1878062400D5466B /* notifications9.plist */ = {isa = PBXFileReference; fileEncoding = 4; lastKnownFileType = text.plist.xml; path = notifications9.plist; sourceTree = "<group>"; };
		60E649FA18780AE600D5466B /* GRLoginView.h */ = {isa = PBXFileReference; fileEncoding = 4; lastKnownFileType = sourcecode.c.h; path = GRLoginView.h; sourceTree = "<group>"; };
		60E649FB18780AE600D5466B /* GRLoginView.m */ = {isa = PBXFileReference; fileEncoding = 4; lastKnownFileType = sourcecode.c.objc; path = GRLoginView.m; sourceTree = "<group>"; };
		60F80249186E725400503117 /* GRNavigationBarView.h */ = {isa = PBXFileReference; fileEncoding = 4; lastKnownFileType = sourcecode.c.h; path = GRNavigationBarView.h; sourceTree = "<group>"; };
		60F8024A186E725400503117 /* GRNavigationBarView.m */ = {isa = PBXFileReference; fileEncoding = 4; lastKnownFileType = sourcecode.c.objc; path = GRNavigationBarView.m; sourceTree = "<group>"; };
		60F8024C186E730300503117 /* GRContentView.h */ = {isa = PBXFileReference; fileEncoding = 4; lastKnownFileType = sourcecode.c.h; name = GRContentView.h; path = ../GRContentView.h; sourceTree = "<group>"; };
		920B99921885259B006BD620 /* GRExampleAvatar.png */ = {isa = PBXFileReference; lastKnownFileType = image.png; path = GRExampleAvatar.png; sourceTree = "<group>"; };
		920B99931885259B006BD620 /* GRExampleAvatar@2x.png */ = {isa = PBXFileReference; lastKnownFileType = image.png; path = "GRExampleAvatar@2x.png"; sourceTree = "<group>"; };
		920B999618852B21006BD620 /* GRAddButton@2x.png */ = {isa = PBXFileReference; lastKnownFileType = image.png; path = "GRAddButton@2x.png"; sourceTree = "<group>"; };
		923ADEB41876B31900E20C2B /* GRContentView.m */ = {isa = PBXFileReference; fileEncoding = 4; lastKnownFileType = sourcecode.c.objc; path = GRContentView.m; sourceTree = "<group>"; };
		9242AEFD1876A87B00F9FEFB /* GRBackButton.png */ = {isa = PBXFileReference; lastKnownFileType = image.png; name = GRBackButton.png; path = Main/GRBackButton.png; sourceTree = "<group>"; };
		9242AEFE1876A87C00F9FEFB /* GRBackButton@2x.png */ = {isa = PBXFileReference; lastKnownFileType = image.png; name = "GRBackButton@2x.png"; path = "Main/GRBackButton@2x.png"; sourceTree = "<group>"; };
		92568CC81885030800994FC1 /* GRAccountKeys.h */ = {isa = PBXFileReference; fileEncoding = 4; lastKnownFileType = sourcecode.c.h; path = GRAccountKeys.h; sourceTree = "<group>"; };
		92568CC918850E3300994FC1 /* GRAvatarBackground@2x.png */ = {isa = PBXFileReference; lastKnownFileType = image.png; path = "GRAvatarBackground@2x.png"; sourceTree = "<group>"; };
		92568CCB18850E5500994FC1 /* GRAvatarBackground.png */ = {isa = PBXFileReference; lastKnownFileType = image.png; path = GRAvatarBackground.png; sourceTree = "<group>"; };
		92568CCD1885117100994FC1 /* GRSettingsView.h */ = {isa = PBXFileReference; fileEncoding = 4; lastKnownFileType = sourcecode.c.h; path = GRSettingsView.h; sourceTree = "<group>"; };
		92568CCE1885117100994FC1 /* GRSettingsView.m */ = {isa = PBXFileReference; fileEncoding = 4; lastKnownFileType = sourcecode.c.objc; path = GRSettingsView.m; sourceTree = "<group>"; };
		92568CD01885148300994FC1 /* UISwitch+BlockSupport.h */ = {isa = PBXFileReference; fileEncoding = 4; lastKnownFileType = sourcecode.c.h; path = "UISwitch+BlockSupport.h"; sourceTree = "<group>"; };
		92568CD11885148300994FC1 /* UISwitch+BlockSupport.m */ = {isa = PBXFileReference; fileEncoding = 4; lastKnownFileType = sourcecode.c.objc; path = "UISwitch+BlockSupport.m"; sourceTree = "<group>"; };
		9267333C187254F500249E37 /* GRResourceKey.h */ = {isa = PBXFileReference; fileEncoding = 4; lastKnownFileType = sourcecode.c.h; path = GRResourceKey.h; sourceTree = "<group>"; };
		9267333D1872588400249E37 /* NoahsRecord.xcodeproj */ = {isa = PBXFileReference; lastKnownFileType = "wrapper.pb-project"; name = NoahsRecord.xcodeproj; path = NoahsRecord/NoahsRecord.xcodeproj; sourceTree = "<group>"; };
		9267339E187266C600249E37 /* libsqlite3.dylib */ = {isa = PBXFileReference; lastKnownFileType = "compiled.mach-o.dylib"; name = libsqlite3.dylib; path = usr/lib/libsqlite3.dylib; sourceTree = SDKROOT; };
		926733D71872A84100249E37 /* GRDataService.h */ = {isa = PBXFileReference; fileEncoding = 4; lastKnownFileType = sourcecode.c.h; path = GRDataService.h; sourceTree = "<group>"; };
		926733D81872A84100249E37 /* GRDataService.m */ = {isa = PBXFileReference; fileEncoding = 4; lastKnownFileType = sourcecode.c.objc; path = GRDataService.m; sourceTree = "<group>"; };
		926733DA1872B9DD00249E37 /* GRResourceInfoView.h */ = {isa = PBXFileReference; fileEncoding = 4; lastKnownFileType = sourcecode.c.h; path = GRResourceInfoView.h; sourceTree = "<group>"; };
		926733DB1872B9DD00249E37 /* GRResourceInfoView.m */ = {isa = PBXFileReference; fileEncoding = 4; lastKnownFileType = sourcecode.c.objc; path = GRResourceInfoView.m; sourceTree = "<group>"; };
		926733DD1872BA1200249E37 /* GRResourceManager.h */ = {isa = PBXFileReference; fileEncoding = 4; lastKnownFileType = sourcecode.c.h; path = GRResourceManager.h; sourceTree = "<group>"; };
		926733DE1872BA1200249E37 /* GRResourceManager.m */ = {isa = PBXFileReference; fileEncoding = 4; lastKnownFileType = sourcecode.c.objc; path = GRResourceManager.m; sourceTree = "<group>"; };
		927C9F9F186D66DC00DC0EDC /* GraceRoad.app */ = {isa = PBXFileReference; explicitFileType = wrapper.application; includeInIndex = 0; path = GraceRoad.app; sourceTree = BUILT_PRODUCTS_DIR; };
		927C9FA2186D66DC00DC0EDC /* Foundation.framework */ = {isa = PBXFileReference; lastKnownFileType = wrapper.framework; name = Foundation.framework; path = System/Library/Frameworks/Foundation.framework; sourceTree = SDKROOT; };
		927C9FA4186D66DC00DC0EDC /* CoreGraphics.framework */ = {isa = PBXFileReference; lastKnownFileType = wrapper.framework; name = CoreGraphics.framework; path = System/Library/Frameworks/CoreGraphics.framework; sourceTree = SDKROOT; };
		927C9FA6186D66DC00DC0EDC /* UIKit.framework */ = {isa = PBXFileReference; lastKnownFileType = wrapper.framework; name = UIKit.framework; path = System/Library/Frameworks/UIKit.framework; sourceTree = SDKROOT; };
		927C9FAA186D66DC00DC0EDC /* GraceRoad-Info.plist */ = {isa = PBXFileReference; lastKnownFileType = text.plist.xml; path = "GraceRoad-Info.plist"; sourceTree = "<group>"; };
		927C9FAC186D66DC00DC0EDC /* en */ = {isa = PBXFileReference; lastKnownFileType = text.plist.strings; name = en; path = en.lproj/InfoPlist.strings; sourceTree = "<group>"; };
		927C9FAE186D66DC00DC0EDC /* main.m */ = {isa = PBXFileReference; lastKnownFileType = sourcecode.c.objc; path = main.m; sourceTree = "<group>"; };
		927C9FB0186D66DC00DC0EDC /* GraceRoad-Prefix.pch */ = {isa = PBXFileReference; lastKnownFileType = sourcecode.c.h; path = "GraceRoad-Prefix.pch"; sourceTree = "<group>"; };
		927C9FB1186D66DC00DC0EDC /* GRAppDelegate.h */ = {isa = PBXFileReference; lastKnownFileType = sourcecode.c.h; path = GRAppDelegate.h; sourceTree = "<group>"; };
		927C9FB2186D66DC00DC0EDC /* GRAppDelegate.m */ = {isa = PBXFileReference; lastKnownFileType = sourcecode.c.objc; path = GRAppDelegate.m; sourceTree = "<group>"; };
		927C9FB4186D66DC00DC0EDC /* Images.xcassets */ = {isa = PBXFileReference; lastKnownFileType = folder.assetcatalog; path = Images.xcassets; sourceTree = "<group>"; };
		927C9FBA186D66DC00DC0EDC /* GraceRoadTests.xctest */ = {isa = PBXFileReference; explicitFileType = wrapper.cfbundle; includeInIndex = 0; path = GraceRoadTests.xctest; sourceTree = BUILT_PRODUCTS_DIR; };
		927C9FBB186D66DC00DC0EDC /* XCTest.framework */ = {isa = PBXFileReference; lastKnownFileType = wrapper.framework; name = XCTest.framework; path = Library/Frameworks/XCTest.framework; sourceTree = DEVELOPER_DIR; };
		927C9FC3186D66DC00DC0EDC /* GraceRoadTests-Info.plist */ = {isa = PBXFileReference; lastKnownFileType = text.plist.xml; path = "GraceRoadTests-Info.plist"; sourceTree = "<group>"; };
		927C9FC5186D66DC00DC0EDC /* en */ = {isa = PBXFileReference; lastKnownFileType = text.plist.strings; name = en; path = en.lproj/InfoPlist.strings; sourceTree = "<group>"; };
		927C9FC7186D66DC00DC0EDC /* GraceRoadTests.m */ = {isa = PBXFileReference; lastKnownFileType = sourcecode.c.objc; path = GraceRoadTests.m; sourceTree = "<group>"; };
		927C9FD1186D675100DC0EDC /* GRMainViewController.h */ = {isa = PBXFileReference; fileEncoding = 4; lastKnownFileType = sourcecode.c.h; path = GRMainViewController.h; sourceTree = "<group>"; };
		927C9FD2186D675100DC0EDC /* GRMainViewController.m */ = {isa = PBXFileReference; fileEncoding = 4; lastKnownFileType = sourcecode.c.objc; path = GRMainViewController.m; sourceTree = "<group>"; };
		927C9FD6186D69A700DC0EDC /* GRServeView.h */ = {isa = PBXFileReference; fileEncoding = 4; lastKnownFileType = sourcecode.c.h; path = GRServeView.h; sourceTree = "<group>"; };
		927C9FD7186D69A700DC0EDC /* GRServeView.m */ = {isa = PBXFileReference; fileEncoding = 4; lastKnownFileType = sourcecode.c.objc; path = GRServeView.m; sourceTree = "<group>"; };
		927CA089186D7A2200DC0EDC /* Kal.xcodeproj */ = {isa = PBXFileReference; lastKnownFileType = "wrapper.pb-project"; name = Kal.xcodeproj; path = Kal/Kal.xcodeproj; sourceTree = "<group>"; };
		927CA095186D7E2000DC0EDC /* Kal.bundle */ = {isa = PBXFileReference; lastKnownFileType = "wrapper.plug-in"; name = Kal.bundle; path = Kal/Kal.bundle; sourceTree = "<group>"; };
		927CA097186D7E7700DC0EDC /* GRPreferenceView.h */ = {isa = PBXFileReference; fileEncoding = 4; lastKnownFileType = sourcecode.c.h; path = GRPreferenceView.h; sourceTree = "<group>"; };
		927CA098186D7E7700DC0EDC /* GRPreferenceView.m */ = {isa = PBXFileReference; fileEncoding = 4; lastKnownFileType = sourcecode.c.objc; path = GRPreferenceView.m; sourceTree = "<group>"; };
		927CA09A186D7FD600DC0EDC /* GRResourceView.h */ = {isa = PBXFileReference; fileEncoding = 4; lastKnownFileType = sourcecode.c.h; path = GRResourceView.h; sourceTree = "<group>"; };
		927CA09B186D7FD600DC0EDC /* GRResourceView.m */ = {isa = PBXFileReference; fileEncoding = 4; lastKnownFileType = sourcecode.c.objc; path = GRResourceView.m; sourceTree = "<group>"; };
		927CA09D186D7FE300DC0EDC /* GRCommunicationView.h */ = {isa = PBXFileReference; fileEncoding = 4; lastKnownFileType = sourcecode.c.h; path = GRCommunicationView.h; sourceTree = "<group>"; };
		927CA09E186D7FE300DC0EDC /* GRCommunicationView.m */ = {isa = PBXFileReference; fileEncoding = 4; lastKnownFileType = sourcecode.c.objc; path = GRCommunicationView.m; sourceTree = "<group>"; };
		9294D44F18766369009352DB /* GRAudio.png */ = {isa = PBXFileReference; lastKnownFileType = image.png; path = GRAudio.png; sourceTree = "<group>"; };
		9294D45018766369009352DB /* GRAudio@2x.png */ = {isa = PBXFileReference; lastKnownFileType = image.png; path = "GRAudio@2x.png"; sourceTree = "<group>"; };
		9294D454187665A5009352DB /* UIAlertView+BlockSupport.h */ = {isa = PBXFileReference; fileEncoding = 4; lastKnownFileType = sourcecode.c.h; path = "UIAlertView+BlockSupport.h"; sourceTree = "<group>"; };
		9294D455187665A5009352DB /* UIAlertView+BlockSupport.m */ = {isa = PBXFileReference; fileEncoding = 4; lastKnownFileType = sourcecode.c.objc; path = "UIAlertView+BlockSupport.m"; sourceTree = "<group>"; };
		929989A818768C2E0001EFDC /* MFCacheManager.h */ = {isa = PBXFileReference; fileEncoding = 4; lastKnownFileType = sourcecode.c.h; path = MFCacheManager.h; sourceTree = "<group>"; };
		929989A918768C2E0001EFDC /* MFCacheManager.m */ = {isa = PBXFileReference; fileEncoding = 4; lastKnownFileType = sourcecode.c.objc; path = MFCacheManager.m; sourceTree = "<group>"; };
		929989AA18768C2E0001EFDC /* MFCacheManagerInternal.h */ = {isa = PBXFileReference; fileEncoding = 4; lastKnownFileType = sourcecode.c.h; path = MFCacheManagerInternal.h; sourceTree = "<group>"; };
		929989AB18768C2E0001EFDC /* MFCacheManagerInternal.m */ = {isa = PBXFileReference; fileEncoding = 4; lastKnownFileType = sourcecode.c.objc; path = MFCacheManagerInternal.m; sourceTree = "<group>"; };
		929989AC18768C2E0001EFDC /* MFNetworkClient.h */ = {isa = PBXFileReference; fileEncoding = 4; lastKnownFileType = sourcecode.c.h; path = MFNetworkClient.h; sourceTree = "<group>"; };
		929989AD18768C2E0001EFDC /* MFNetworkClient.m */ = {isa = PBXFileReference; fileEncoding = 4; lastKnownFileType = sourcecode.c.objc; path = MFNetworkClient.m; sourceTree = "<group>"; };
		929989AE18768C2E0001EFDC /* MFNetworkClientInternal.h */ = {isa = PBXFileReference; fileEncoding = 4; lastKnownFileType = sourcecode.c.h; path = MFNetworkClientInternal.h; sourceTree = "<group>"; };
		929989AF18768C2E0001EFDC /* MFNetworkClientInternal.m */ = {isa = PBXFileReference; fileEncoding = 4; lastKnownFileType = sourcecode.c.objc; path = MFNetworkClientInternal.m; sourceTree = "<group>"; };
		929989B018768C2E0001EFDC /* MFNetworkFileCacheManager.h */ = {isa = PBXFileReference; fileEncoding = 4; lastKnownFileType = sourcecode.c.h; path = MFNetworkFileCacheManager.h; sourceTree = "<group>"; };
		929989B118768C2E0001EFDC /* MFNetworkFileCacheManager.m */ = {isa = PBXFileReference; fileEncoding = 4; lastKnownFileType = sourcecode.c.objc; path = MFNetworkFileCacheManager.m; sourceTree = "<group>"; };
		929989B218768C2E0001EFDC /* MFNetworkFileCacheManagerInternal.h */ = {isa = PBXFileReference; fileEncoding = 4; lastKnownFileType = sourcecode.c.h; path = MFNetworkFileCacheManagerInternal.h; sourceTree = "<group>"; };
		929989B318768C2E0001EFDC /* MFNetworkFileCacheManagerInternal.m */ = {isa = PBXFileReference; fileEncoding = 4; lastKnownFileType = sourcecode.c.objc; path = MFNetworkFileCacheManagerInternal.m; sourceTree = "<group>"; };
		929989B418768C2E0001EFDC /* MFNetworkOperation.h */ = {isa = PBXFileReference; fileEncoding = 4; lastKnownFileType = sourcecode.c.h; path = MFNetworkOperation.h; sourceTree = "<group>"; };
		929989B518768C2E0001EFDC /* MFNetworkOperation.m */ = {isa = PBXFileReference; fileEncoding = 4; lastKnownFileType = sourcecode.c.objc; path = MFNetworkOperation.m; sourceTree = "<group>"; };
		929989BD18768C750001EFDC /* MFRunLoopOperation.h */ = {isa = PBXFileReference; fileEncoding = 4; lastKnownFileType = sourcecode.c.h; path = MFRunLoopOperation.h; sourceTree = "<group>"; };
		929989BE18768C750001EFDC /* MFRunLoopOperation.m */ = {isa = PBXFileReference; fileEncoding = 4; lastKnownFileType = sourcecode.c.objc; path = MFRunLoopOperation.m; sourceTree = "<group>"; };
		929989C018768C9C0001EFDC /* NSString+CMBExtensions.h */ = {isa = PBXFileReference; fileEncoding = 4; lastKnownFileType = sourcecode.c.h; path = "NSString+CMBExtensions.h"; sourceTree = "<group>"; };
		929989C118768C9C0001EFDC /* NSString+CMBExtensions.m */ = {isa = PBXFileReference; fileEncoding = 4; lastKnownFileType = sourcecode.c.objc; path = "NSString+CMBExtensions.m"; sourceTree = "<group>"; };
		929989C318768D550001EFDC /* NSData+CMBExtensions.h */ = {isa = PBXFileReference; fileEncoding = 4; lastKnownFileType = sourcecode.c.h; path = "NSData+CMBExtensions.h"; sourceTree = "<group>"; };
		929989C418768D550001EFDC /* NSData+CMBExtensions.m */ = {isa = PBXFileReference; fileEncoding = 4; lastKnownFileType = sourcecode.c.objc; path = "NSData+CMBExtensions.m"; sourceTree = "<group>"; };
		929989C7187692580001EFDC /* GRViewService.h */ = {isa = PBXFileReference; fileEncoding = 4; lastKnownFileType = sourcecode.c.h; path = GRViewService.h; sourceTree = "<group>"; };
		929989C8187692580001EFDC /* GRViewService.m */ = {isa = PBXFileReference; fileEncoding = 4; lastKnownFileType = sourcecode.c.objc; path = GRViewService.m; sourceTree = "<group>"; };
		929989CA187692870001EFDC /* GRShared.h */ = {isa = PBXFileReference; fileEncoding = 4; lastKnownFileType = sourcecode.c.h; path = GRShared.h; sourceTree = "<group>"; };
		92CE91371874F9DB00C7D3A1 /* GRSermonView.h */ = {isa = PBXFileReference; fileEncoding = 4; lastKnownFileType = sourcecode.c.h; path = GRSermonView.h; sourceTree = "<group>"; };
		92CE91381874F9DB00C7D3A1 /* GRSermonView.m */ = {isa = PBXFileReference; fileEncoding = 4; lastKnownFileType = sourcecode.c.objc; path = GRSermonView.m; sourceTree = "<group>"; };
		92CE913A1875067400C7D3A1 /* GRSermonKeys.h */ = {isa = PBXFileReference; fileEncoding = 4; lastKnownFileType = sourcecode.c.h; path = GRSermonKeys.h; sourceTree = "<group>"; };
		92CE913C18755BEB00C7D3A1 /* gr.sqlite */ = {isa = PBXFileReference; lastKnownFileType = file; path = gr.sqlite; sourceTree = "<group>"; };
		92CE913F18755BEB00C7D3A1 /* GRLocationTab@2x.png */ = {isa = PBXFileReference; lastKnownFileType = image.png; path = "GRLocationTab@2x.png"; sourceTree = "<group>"; };
		92CE914018755BEB00C7D3A1 /* GRPreferenceTab@2x.png */ = {isa = PBXFileReference; lastKnownFileType = image.png; path = "GRPreferenceTab@2x.png"; sourceTree = "<group>"; };
		92CE914118755BEB00C7D3A1 /* GRResourceTab@2x.png */ = {isa = PBXFileReference; lastKnownFileType = image.png; path = "GRResourceTab@2x.png"; sourceTree = "<group>"; };
		92CE914218755BEB00C7D3A1 /* GRSermonTab@2x.png */ = {isa = PBXFileReference; lastKnownFileType = image.png; path = "GRSermonTab@2x.png"; sourceTree = "<group>"; };
		92CE91481875699A00C7D3A1 /* GRIconPDF.png */ = {isa = PBXFileReference; lastKnownFileType = image.png; path = GRIconPDF.png; sourceTree = "<group>"; };
		92CE91491875699A00C7D3A1 /* GRIconPDF@2x.png */ = {isa = PBXFileReference; lastKnownFileType = image.png; path = "GRIconPDF@2x.png"; sourceTree = "<group>"; };
		92FFDF72187A505600FF3C15 /* GRLoginView.h */ = {isa = PBXFileReference; fileEncoding = 4; lastKnownFileType = sourcecode.c.h; path = GRLoginView.h; sourceTree = "<group>"; };
		92FFDF73187A505600FF3C15 /* GRLoginView.m */ = {isa = PBXFileReference; fileEncoding = 4; lastKnownFileType = sourcecode.c.objc; path = GRLoginView.m; sourceTree = "<group>"; };
		92FFDF75187A5D3B00FF3C15 /* GRUserProfileView.h */ = {isa = PBXFileReference; fileEncoding = 4; lastKnownFileType = sourcecode.c.h; path = GRUserProfileView.h; sourceTree = "<group>"; };
		92FFDF76187A5D3B00FF3C15 /* GRUserProfileView.m */ = {isa = PBXFileReference; fileEncoding = 4; lastKnownFileType = sourcecode.c.objc; path = GRUserProfileView.m; sourceTree = "<group>"; };
		92FFDF78187A616400FF3C15 /* GRPrayView.h */ = {isa = PBXFileReference; fileEncoding = 4; lastKnownFileType = sourcecode.c.h; path = GRPrayView.h; sourceTree = "<group>"; };
		92FFDF79187A616400FF3C15 /* GRPrayView.m */ = {isa = PBXFileReference; fileEncoding = 4; lastKnownFileType = sourcecode.c.objc; path = GRPrayView.m; sourceTree = "<group>"; };
		92FFDF7B187A7B8E00FF3C15 /* GRPrayKeys.h */ = {isa = PBXFileReference; lastKnownFileType = sourcecode.c.h; path = GRPrayKeys.h; sourceTree = "<group>"; };
		92FFDF7C187A8CAE00FF3C15 /* GRAddButton.png */ = {isa = PBXFileReference; lastKnownFileType = image.png; path = GRAddButton.png; sourceTree = "<group>"; };
/* End PBXFileReference section */

/* Begin PBXFrameworksBuildPhase section */
		927C9F9C186D66DC00DC0EDC /* Frameworks */ = {
			isa = PBXFrameworksBuildPhase;
			buildActionMask = 2147483647;
			files = (
				9267339F187266C600249E37 /* libsqlite3.dylib in Frameworks */,
				9267334E187258C500249E37 /* libNoahsRecordStatic.a in Frameworks */,
				927CA091186D7A3200DC0EDC /* libKal.a in Frameworks */,
				927C9FA5186D66DC00DC0EDC /* CoreGraphics.framework in Frameworks */,
				927C9FA7186D66DC00DC0EDC /* UIKit.framework in Frameworks */,
				927C9FA3186D66DC00DC0EDC /* Foundation.framework in Frameworks */,
			);
			runOnlyForDeploymentPostprocessing = 0;
		};
		927C9FB7186D66DC00DC0EDC /* Frameworks */ = {
			isa = PBXFrameworksBuildPhase;
			buildActionMask = 2147483647;
			files = (
				927C9FBC186D66DC00DC0EDC /* XCTest.framework in Frameworks */,
				927C9FBE186D66DC00DC0EDC /* UIKit.framework in Frameworks */,
				927C9FBD186D66DC00DC0EDC /* Foundation.framework in Frameworks */,
			);
			runOnlyForDeploymentPostprocessing = 0;
		};
/* End PBXFrameworksBuildPhase section */

/* Begin PBXGroup section */
		60B266001877C1D7008E881E /* Sermon */ = {
			isa = PBXGroup;
			children = (
				92CE913A1875067400C7D3A1 /* GRSermonKeys.h */,
				92CE91371874F9DB00C7D3A1 /* GRSermonView.h */,
				92CE91381874F9DB00C7D3A1 /* GRSermonView.m */,
				60B265FD1877C1D1008E881E /* GRSermonContentView.h */,
				60B265FE1877C1D1008E881E /* GRSermonContentView.m */,
			);
			name = Sermon;
			sourceTree = "<group>";
		};
		60B266011877C1DE008E881E /* ResourceView */ = {
			isa = PBXGroup;
			children = (
				9267333C187254F500249E37 /* GRResourceKey.h */,
				927CA09A186D7FD600DC0EDC /* GRResourceView.h */,
				927CA09B186D7FD600DC0EDC /* GRResourceView.m */,
				926733DA1872B9DD00249E37 /* GRResourceInfoView.h */,
				926733DB1872B9DD00249E37 /* GRResourceInfoView.m */,
			);
			name = ResourceView;
			sourceTree = "<group>";
		};
		60E649BF1878062400D5466B /* notifications */ = {
			isa = PBXGroup;
			children = (
				60E649C01878062400D5466B /* notifications0.plist */,
				60E649C11878062400D5466B /* notifications1.plist */,
				60E649C21878062400D5466B /* notifications10.plist */,
				60E649C31878062400D5466B /* notifications11.plist */,
				60E649C41878062400D5466B /* notifications12.plist */,
				60E649C51878062400D5466B /* notifications13.plist */,
				60E649C61878062400D5466B /* notifications14.plist */,
				60E649C71878062400D5466B /* notifications15.plist */,
				60E649C81878062400D5466B /* notifications16.plist */,
				60E649C91878062400D5466B /* notifications17.plist */,
				60E649CA1878062400D5466B /* notifications18.plist */,
				60E649CB1878062400D5466B /* notifications19.plist */,
				60E649CC1878062400D5466B /* notifications2.plist */,
				60E649CD1878062400D5466B /* notifications20.plist */,
				60E649CE1878062400D5466B /* notifications21.plist */,
				60E649CF1878062400D5466B /* notifications22.plist */,
				60E649D01878062400D5466B /* notifications23.plist */,
				60E649D11878062400D5466B /* notifications24.plist */,
				60E649D21878062400D5466B /* notifications25.plist */,
				60E649D31878062400D5466B /* notifications26.plist */,
				60E649D41878062400D5466B /* notifications27.plist */,
				60E649D51878062400D5466B /* notifications28.plist */,
				60E649D61878062400D5466B /* notifications3.plist */,
				60E649D71878062400D5466B /* notifications4.plist */,
				60E649D81878062400D5466B /* notifications5.plist */,
				60E649D91878062400D5466B /* notifications6.plist */,
				60E649DA1878062400D5466B /* notifications7.plist */,
				60E649DB1878062400D5466B /* notifications8.plist */,
				60E649DC1878062400D5466B /* notifications9.plist */,
			);
			path = notifications;
			sourceTree = "<group>";
		};
		9267333E1872588400249E37 /* Products */ = {
			isa = PBXGroup;
			children = (
				9267334B1872588400249E37 /* libNoahsRecordStatic.a */,
			);
			name = Products;
			sourceTree = "<group>";
		};
		926733D61872A82900249E37 /* View */ = {
			isa = PBXGroup;
			children = (
				60F80249186E725400503117 /* GRNavigationBarView.h */,
				60F8024A186E725400503117 /* GRNavigationBarView.m */,
				927CA09D186D7FE300DC0EDC /* GRCommunicationView.h */,
				927CA09E186D7FE300DC0EDC /* GRCommunicationView.m */,
				600A73D5187059BE0089679A /* GRIntroductView.h */,
				600A73D6187059BE0089679A /* GRIntroductView.m */,
				92FFDF72187A505600FF3C15 /* GRLoginView.h */,
				92FFDF73187A505600FF3C15 /* GRLoginView.m */,
				92FFDF75187A5D3B00FF3C15 /* GRUserProfileView.h */,
				92FFDF76187A5D3B00FF3C15 /* GRUserProfileView.m */,
				92568CCD1885117100994FC1 /* GRSettingsView.h */,
				92568CCE1885117100994FC1 /* GRSettingsView.m */,
				92FFDF7B187A7B8E00FF3C15 /* GRPrayKeys.h */,
				92FFDF78187A616400FF3C15 /* GRPrayView.h */,
				92FFDF79187A616400FF3C15 /* GRPrayView.m */,
				60B266011877C1DE008E881E /* ResourceView */,
				60B266001877C1D7008E881E /* Sermon */,
				927C9FD6186D69A700DC0EDC /* GRServeView.h */,
				927C9FD7186D69A700DC0EDC /* GRServeView.m */,
				927CA097186D7E7700DC0EDC /* GRPreferenceView.h */,
				927CA098186D7E7700DC0EDC /* GRPreferenceView.m */,
				60E649FA18780AE600D5466B /* GRLoginView.h */,
				60E649FB18780AE600D5466B /* GRLoginView.m */,
			);
			name = View;
			sourceTree = "<group>";
		};
		927C9F96186D66DC00DC0EDC = {
			isa = PBXGroup;
			children = (
				927CA014186D6FD500DC0EDC /* Library */,
				927C9FA8186D66DC00DC0EDC /* GraceRoad */,
				927C9FC1186D66DC00DC0EDC /* GraceRoadTests */,
				927C9FA1186D66DC00DC0EDC /* Frameworks */,
				927C9FA0186D66DC00DC0EDC /* Products */,
			);
			sourceTree = "<group>";
		};
		927C9FA0186D66DC00DC0EDC /* Products */ = {
			isa = PBXGroup;
			children = (
				927C9F9F186D66DC00DC0EDC /* GraceRoad.app */,
				927C9FBA186D66DC00DC0EDC /* GraceRoadTests.xctest */,
			);
			name = Products;
			sourceTree = "<group>";
		};
		927C9FA1186D66DC00DC0EDC /* Frameworks */ = {
			isa = PBXGroup;
			children = (
				9267339E187266C600249E37 /* libsqlite3.dylib */,
				927C9FA2186D66DC00DC0EDC /* Foundation.framework */,
				927C9FA4186D66DC00DC0EDC /* CoreGraphics.framework */,
				927C9FA6186D66DC00DC0EDC /* UIKit.framework */,
				927C9FBB186D66DC00DC0EDC /* XCTest.framework */,
			);
			name = Frameworks;
			sourceTree = "<group>";
		};
		927C9FA8186D66DC00DC0EDC /* GraceRoad */ = {
			isa = PBXGroup;
			children = (
				9294D45318766575009352DB /* Shared */,
				929989C6187692450001EFDC /* Controller */,
				926733D61872A82900249E37 /* View */,
				927C9FB1186D66DC00DC0EDC /* GRAppDelegate.h */,
				927C9FB2186D66DC00DC0EDC /* GRAppDelegate.m */,
				927C9FD1186D675100DC0EDC /* GRMainViewController.h */,
				927C9FD2186D675100DC0EDC /* GRMainViewController.m */,
				927C9FB4186D66DC00DC0EDC /* Images.xcassets */,
				92CE913B18755BEB00C7D3A1 /* Resources */,
				927C9FA9186D66DC00DC0EDC /* Supporting Files */,
			);
			path = GraceRoad;
			sourceTree = "<group>";
		};
		927C9FA9186D66DC00DC0EDC /* Supporting Files */ = {
			isa = PBXGroup;
			children = (
				927C9FAA186D66DC00DC0EDC /* GraceRoad-Info.plist */,
				927C9FAB186D66DC00DC0EDC /* InfoPlist.strings */,
				927C9FAE186D66DC00DC0EDC /* main.m */,
				927C9FB0186D66DC00DC0EDC /* GraceRoad-Prefix.pch */,
			);
			name = "Supporting Files";
			sourceTree = "<group>";
		};
		927C9FC1186D66DC00DC0EDC /* GraceRoadTests */ = {
			isa = PBXGroup;
			children = (
				927C9FC7186D66DC00DC0EDC /* GraceRoadTests.m */,
				927C9FC2186D66DC00DC0EDC /* Supporting Files */,
			);
			path = GraceRoadTests;
			sourceTree = "<group>";
		};
		927C9FC2186D66DC00DC0EDC /* Supporting Files */ = {
			isa = PBXGroup;
			children = (
				927C9FC3186D66DC00DC0EDC /* GraceRoadTests-Info.plist */,
				927C9FC4186D66DC00DC0EDC /* InfoPlist.strings */,
			);
			name = "Supporting Files";
			sourceTree = "<group>";
		};
		927CA014186D6FD500DC0EDC /* Library */ = {
			isa = PBXGroup;
			children = (
				929989A718768C2E0001EFDC /* Network */,
				9267333D1872588400249E37 /* NoahsRecord.xcodeproj */,
				927CA095186D7E2000DC0EDC /* Kal.bundle */,
				927CA089186D7A2200DC0EDC /* Kal.xcodeproj */,
			);
			path = Library;
			sourceTree = "<group>";
		};
		927CA08A186D7A2200DC0EDC /* Products */ = {
			isa = PBXGroup;
			children = (
				927CA08E186D7A2200DC0EDC /* libKal.a */,
			);
			name = Products;
			sourceTree = "<group>";
		};
		9294D45318766575009352DB /* Shared */ = {
			isa = PBXGroup;
			children = (
				9294D454187665A5009352DB /* UIAlertView+BlockSupport.h */,
				9294D455187665A5009352DB /* UIAlertView+BlockSupport.m */,
				929989CA187692870001EFDC /* GRShared.h */,
				60F8024C186E730300503117 /* GRContentView.h */,
				923ADEB41876B31900E20C2B /* GRContentView.m */,
				60B265FA1877BEFA008E881E /* UIView+FirstResponder.h */,
				60B265FB1877BEFA008E881E /* UIView+FirstResponder.m */,
				92568CD01885148300994FC1 /* UISwitch+BlockSupport.h */,
				92568CD11885148300994FC1 /* UISwitch+BlockSupport.m */,
			);
			path = Shared;
			sourceTree = "<group>";
		};
		929989A718768C2E0001EFDC /* Network */ = {
			isa = PBXGroup;
			children = (
				929989C318768D550001EFDC /* NSData+CMBExtensions.h */,
				929989C418768D550001EFDC /* NSData+CMBExtensions.m */,
				929989C018768C9C0001EFDC /* NSString+CMBExtensions.h */,
				929989C118768C9C0001EFDC /* NSString+CMBExtensions.m */,
				929989BD18768C750001EFDC /* MFRunLoopOperation.h */,
				929989BE18768C750001EFDC /* MFRunLoopOperation.m */,
				929989A818768C2E0001EFDC /* MFCacheManager.h */,
				929989A918768C2E0001EFDC /* MFCacheManager.m */,
				929989AA18768C2E0001EFDC /* MFCacheManagerInternal.h */,
				929989AB18768C2E0001EFDC /* MFCacheManagerInternal.m */,
				929989AC18768C2E0001EFDC /* MFNetworkClient.h */,
				929989AD18768C2E0001EFDC /* MFNetworkClient.m */,
				929989AE18768C2E0001EFDC /* MFNetworkClientInternal.h */,
				929989AF18768C2E0001EFDC /* MFNetworkClientInternal.m */,
				929989B018768C2E0001EFDC /* MFNetworkFileCacheManager.h */,
				929989B118768C2E0001EFDC /* MFNetworkFileCacheManager.m */,
				929989B218768C2E0001EFDC /* MFNetworkFileCacheManagerInternal.h */,
				929989B318768C2E0001EFDC /* MFNetworkFileCacheManagerInternal.m */,
				929989B418768C2E0001EFDC /* MFNetworkOperation.h */,
				929989B518768C2E0001EFDC /* MFNetworkOperation.m */,
			);
			path = Network;
			sourceTree = "<group>";
		};
		929989C6187692450001EFDC /* Controller */ = {
			isa = PBXGroup;
			children = (
				92568CC81885030800994FC1 /* GRAccountKeys.h */,
				926733D71872A84100249E37 /* GRDataService.h */,
				926733D81872A84100249E37 /* GRDataService.m */,
				926733DD1872BA1200249E37 /* GRResourceManager.h */,
				926733DE1872BA1200249E37 /* GRResourceManager.m */,
				929989C7187692580001EFDC /* GRViewService.h */,
				929989C8187692580001EFDC /* GRViewService.m */,
			);
			name = Controller;
			sourceTree = "<group>";
		};
		92CE913B18755BEB00C7D3A1 /* Resources */ = {
			isa = PBXGroup;
			children = (
				60E649BF1878062400D5466B /* notifications */,
				60E649851877FB1D00D5466B /* notifications.plist */,
				60B266041877CBFF008E881E /* 1.pdf */,
				60B266051877CBFF008E881E /* t0101.mp3 */,
				92CE913C18755BEB00C7D3A1 /* gr.sqlite */,
				92CE913D18755BEB00C7D3A1 /* Images */,
			);
			path = Resources;
			sourceTree = "<group>";
		};
		92CE913D18755BEB00C7D3A1 /* Images */ = {
			isa = PBXGroup;
			children = (
				920B999618852B21006BD620 /* GRAddButton@2x.png */,
				920B99921885259B006BD620 /* GRExampleAvatar.png */,
				920B99931885259B006BD620 /* GRExampleAvatar@2x.png */,
				92568CCB18850E5500994FC1 /* GRAvatarBackground.png */,
				92568CC918850E3300994FC1 /* GRAvatarBackground@2x.png */,
				92FFDF7C187A8CAE00FF3C15 /* GRAddButton.png */,
				60E649671877ECA800D5466B /* GRHeart.jpg */,
				9242AEFD1876A87B00F9FEFB /* GRBackButton.png */,
				9242AEFE1876A87C00F9FEFB /* GRBackButton@2x.png */,
				92CE913E18755BEB00C7D3A1 /* Main */,
			);
			path = Images;
			sourceTree = "<group>";
		};
		92CE913E18755BEB00C7D3A1 /* Main */ = {
			isa = PBXGroup;
			children = (
				9294D44F18766369009352DB /* GRAudio.png */,
				9294D45018766369009352DB /* GRAudio@2x.png */,
				92CE91481875699A00C7D3A1 /* GRIconPDF.png */,
				92CE91491875699A00C7D3A1 /* GRIconPDF@2x.png */,
				92CE913F18755BEB00C7D3A1 /* GRLocationTab@2x.png */,
				92CE914018755BEB00C7D3A1 /* GRPreferenceTab@2x.png */,
				92CE914118755BEB00C7D3A1 /* GRResourceTab@2x.png */,
				92CE914218755BEB00C7D3A1 /* GRSermonTab@2x.png */,
			);
			path = Main;
			sourceTree = "<group>";
		};
/* End PBXGroup section */

/* Begin PBXNativeTarget section */
		927C9F9E186D66DC00DC0EDC /* GraceRoad */ = {
			isa = PBXNativeTarget;
			buildConfigurationList = 927C9FCB186D66DC00DC0EDC /* Build configuration list for PBXNativeTarget "GraceRoad" */;
			buildPhases = (
				927C9F9D186D66DC00DC0EDC /* Resources */,
				927C9F9B186D66DC00DC0EDC /* Sources */,
				927C9F9C186D66DC00DC0EDC /* Frameworks */,
			);
			buildRules = (
			);
			dependencies = (
				9267334D187258B600249E37 /* PBXTargetDependency */,
				927CA090186D7A2D00DC0EDC /* PBXTargetDependency */,
			);
			name = GraceRoad;
			productName = GraceRoad;
			productReference = 927C9F9F186D66DC00DC0EDC /* GraceRoad.app */;
			productType = "com.apple.product-type.application";
		};
		927C9FB9186D66DC00DC0EDC /* GraceRoadTests */ = {
			isa = PBXNativeTarget;
			buildConfigurationList = 927C9FCE186D66DC00DC0EDC /* Build configuration list for PBXNativeTarget "GraceRoadTests" */;
			buildPhases = (
				927C9FB6186D66DC00DC0EDC /* Sources */,
				927C9FB7186D66DC00DC0EDC /* Frameworks */,
				927C9FB8186D66DC00DC0EDC /* Resources */,
			);
			buildRules = (
			);
			dependencies = (
				927C9FC0186D66DC00DC0EDC /* PBXTargetDependency */,
			);
			name = GraceRoadTests;
			productName = GraceRoadTests;
			productReference = 927C9FBA186D66DC00DC0EDC /* GraceRoadTests.xctest */;
			productType = "com.apple.product-type.bundle.unit-test";
		};
/* End PBXNativeTarget section */

/* Begin PBXProject section */
		927C9F97186D66DC00DC0EDC /* Project object */ = {
			isa = PBXProject;
			attributes = {
				CLASSPREFIX = GR;
				LastUpgradeCheck = 0500;
				ORGANIZATIONNAME = Mac003;
				TargetAttributes = {
					927C9FB9186D66DC00DC0EDC = {
						TestTargetID = 927C9F9E186D66DC00DC0EDC;
					};
				};
			};
			buildConfigurationList = 927C9F9A186D66DC00DC0EDC /* Build configuration list for PBXProject "GraceRoad" */;
			compatibilityVersion = "Xcode 3.2";
			developmentRegion = English;
			hasScannedForEncodings = 0;
			knownRegions = (
				en,
			);
			mainGroup = 927C9F96186D66DC00DC0EDC;
			productRefGroup = 927C9FA0186D66DC00DC0EDC /* Products */;
			projectDirPath = "";
			projectReferences = (
				{
					ProductGroup = 927CA08A186D7A2200DC0EDC /* Products */;
					ProjectRef = 927CA089186D7A2200DC0EDC /* Kal.xcodeproj */;
				},
				{
					ProductGroup = 9267333E1872588400249E37 /* Products */;
					ProjectRef = 9267333D1872588400249E37 /* NoahsRecord.xcodeproj */;
				},
			);
			projectRoot = "";
			targets = (
				927C9F9E186D66DC00DC0EDC /* GraceRoad */,
				927C9FB9186D66DC00DC0EDC /* GraceRoadTests */,
			);
		};
/* End PBXProject section */

/* Begin PBXReferenceProxy section */
		9267334B1872588400249E37 /* libNoahsRecordStatic.a */ = {
			isa = PBXReferenceProxy;
			fileType = archive.ar;
			path = libNoahsRecordStatic.a;
			remoteRef = 9267334A1872588400249E37 /* PBXContainerItemProxy */;
			sourceTree = BUILT_PRODUCTS_DIR;
		};
		927CA08E186D7A2200DC0EDC /* libKal.a */ = {
			isa = PBXReferenceProxy;
			fileType = archive.ar;
			path = libKal.a;
			remoteRef = 927CA08D186D7A2200DC0EDC /* PBXContainerItemProxy */;
			sourceTree = BUILT_PRODUCTS_DIR;
		};
/* End PBXReferenceProxy section */

/* Begin PBXResourcesBuildPhase section */
		927C9F9D186D66DC00DC0EDC /* Resources */ = {
			isa = PBXResourcesBuildPhase;
			buildActionMask = 2147483647;
			files = (
				60E649F81878062400D5466B /* notifications8.plist in Resources */,
				60E649EB1878062400D5466B /* notifications21.plist in Resources */,
				92CE914318755BEB00C7D3A1 /* gr.sqlite in Resources */,
				60E649F01878062400D5466B /* notifications26.plist in Resources */,
				9242AF001876A87C00F9FEFB /* GRBackButton@2x.png in Resources */,
				60E649F21878062400D5466B /* notifications28.plist in Resources */,
				60E649E21878062400D5466B /* notifications13.plist in Resources */,
				60E649E81878062400D5466B /* notifications19.plist in Resources */,
				60E649861877FB1D00D5466B /* notifications.plist in Resources */,
				9294D45118766369009352DB /* GRAudio.png in Resources */,
				92CE914618755BEB00C7D3A1 /* GRResourceTab@2x.png in Resources */,
				60E649E31878062400D5466B /* notifications14.plist in Resources */,
				60E649F11878062400D5466B /* notifications27.plist in Resources */,
				60E649E01878062400D5466B /* notifications11.plist in Resources */,
				92FFDF7D187A8CAE00FF3C15 /* GRAddButton.png in Resources */,
				60E649ED1878062400D5466B /* notifications23.plist in Resources */,
				92CE914B1875699A00C7D3A1 /* GRIconPDF@2x.png in Resources */,
				920B99951885259B006BD620 /* GRExampleAvatar@2x.png in Resources */,
				92CE914718755BEB00C7D3A1 /* GRSermonTab@2x.png in Resources */,
				927CA096186D7E2000DC0EDC /* Kal.bundle in Resources */,
				60E649DD1878062400D5466B /* notifications0.plist in Resources */,
				927C9FAD186D66DC00DC0EDC /* InfoPlist.strings in Resources */,
				60E649DF1878062400D5466B /* notifications10.plist in Resources */,
				60E649E71878062400D5466B /* notifications18.plist in Resources */,
				60E649EE1878062400D5466B /* notifications24.plist in Resources */,
				60E649EC1878062400D5466B /* notifications22.plist in Resources */,
				92CE914518755BEB00C7D3A1 /* GRPreferenceTab@2x.png in Resources */,
				60E649DE1878062400D5466B /* notifications1.plist in Resources */,
				60E649E51878062400D5466B /* notifications16.plist in Resources */,
				92568CCA18850E3400994FC1 /* GRAvatarBackground@2x.png in Resources */,
				92CE914A1875699A00C7D3A1 /* GRIconPDF.png in Resources */,
				920B99941885259B006BD620 /* GRExampleAvatar.png in Resources */,
				60E649681877ECA800D5466B /* GRHeart.jpg in Resources */,
				920B999718852B21006BD620 /* GRAddButton@2x.png in Resources */,
				9242AEFF1876A87C00F9FEFB /* GRBackButton.png in Resources */,
				60E649F31878062400D5466B /* notifications3.plist in Resources */,
				60B266071877CBFF008E881E /* t0101.mp3 in Resources */,
				60E649F61878062400D5466B /* notifications6.plist in Resources */,
				60E649F91878062400D5466B /* notifications9.plist in Resources */,
				9294D45218766369009352DB /* GRAudio@2x.png in Resources */,
				60E649F41878062400D5466B /* notifications4.plist in Resources */,
				92568CCC18850E5500994FC1 /* GRAvatarBackground.png in Resources */,
				60E649E61878062400D5466B /* notifications17.plist in Resources */,
				60E649EA1878062400D5466B /* notifications20.plist in Resources */,
				60E649E91878062400D5466B /* notifications2.plist in Resources */,
				60E649F51878062400D5466B /* notifications5.plist in Resources */,
				60E649E41878062400D5466B /* notifications15.plist in Resources */,
				60E649E11878062400D5466B /* notifications12.plist in Resources */,
				60E649EF1878062400D5466B /* notifications25.plist in Resources */,
				92CE914418755BEB00C7D3A1 /* GRLocationTab@2x.png in Resources */,
				60B266061877CBFF008E881E /* 1.pdf in Resources */,
				927C9FB5186D66DC00DC0EDC /* Images.xcassets in Resources */,
				60E649F71878062400D5466B /* notifications7.plist in Resources */,
			);
			runOnlyForDeploymentPostprocessing = 0;
		};
		927C9FB8186D66DC00DC0EDC /* Resources */ = {
			isa = PBXResourcesBuildPhase;
			buildActionMask = 2147483647;
			files = (
				927C9FC6186D66DC00DC0EDC /* InfoPlist.strings in Resources */,
			);
			runOnlyForDeploymentPostprocessing = 0;
		};
/* End PBXResourcesBuildPhase section */

/* Begin PBXSourcesBuildPhase section */
		927C9F9B186D66DC00DC0EDC /* Sources */ = {
			isa = PBXSourcesBuildPhase;
			buildActionMask = 2147483647;
			files = (
				929989BF18768C750001EFDC /* MFRunLoopOperation.m in Sources */,
				923ADEB51876B31900E20C2B /* GRContentView.m in Sources */,
				929989BA18768C2E0001EFDC /* MFNetworkFileCacheManager.m in Sources */,
				926733D91872A84100249E37 /* GRDataService.m in Sources */,
				92FFDF7A187A616400FF3C15 /* GRPrayView.m in Sources */,
				927CA09F186D7FE300DC0EDC /* GRCommunicationView.m in Sources */,
				929989B718768C2E0001EFDC /* MFCacheManagerInternal.m in Sources */,
				60F8024B186E725400503117 /* GRNavigationBarView.m in Sources */,
				600A73D7187059BE0089679A /* GRIntroductView.m in Sources */,
				926733DC1872B9DD00249E37 /* GRResourceInfoView.m in Sources */,
				92FFDF74187A505600FF3C15 /* GRLoginView.m in Sources */,
				929989BB18768C2E0001EFDC /* MFNetworkFileCacheManagerInternal.m in Sources */,
				929989C518768D550001EFDC /* NSData+CMBExtensions.m in Sources */,
				60B265FF1877C1D1008E881E /* GRSermonContentView.m in Sources */,
				9294D456187665A5009352DB /* UIAlertView+BlockSupport.m in Sources */,
				929989B818768C2E0001EFDC /* MFNetworkClient.m in Sources */,
				92568CCF1885117100994FC1 /* GRSettingsView.m in Sources */,
				92CE91391874F9DB00C7D3A1 /* GRSermonView.m in Sources */,
				927C9FD4186D675100DC0EDC /* GRMainViewController.m in Sources */,
				60B265FC1877BEFA008E881E /* UIView+FirstResponder.m in Sources */,
				92FFDF77187A5D3B00FF3C15 /* GRUserProfileView.m in Sources */,
				92568CD21885148300994FC1 /* UISwitch+BlockSupport.m in Sources */,
				929989B618768C2E0001EFDC /* MFCacheManager.m in Sources */,
				927CA09C186D7FD600DC0EDC /* GRResourceView.m in Sources */,
				927C9FD8186D69A700DC0EDC /* GRServeView.m in Sources */,
				929989B918768C2E0001EFDC /* MFNetworkClientInternal.m in Sources */,
				929989C218768C9C0001EFDC /* NSString+CMBExtensions.m in Sources */,
				927CA099186D7E7700DC0EDC /* GRPreferenceView.m in Sources */,
				927C9FAF186D66DC00DC0EDC /* main.m in Sources */,
				929989C9187692580001EFDC /* GRViewService.m in Sources */,
				929989BC18768C2E0001EFDC /* MFNetworkOperation.m in Sources */,
				926733DF1872BA1200249E37 /* GRResourceManager.m in Sources */,
				927C9FB3186D66DC00DC0EDC /* GRAppDelegate.m in Sources */,
			);
			runOnlyForDeploymentPostprocessing = 0;
		};
		927C9FB6186D66DC00DC0EDC /* Sources */ = {
			isa = PBXSourcesBuildPhase;
			buildActionMask = 2147483647;
			files = (
				927C9FC8186D66DC00DC0EDC /* GraceRoadTests.m in Sources */,
			);
			runOnlyForDeploymentPostprocessing = 0;
		};
/* End PBXSourcesBuildPhase section */

/* Begin PBXTargetDependency section */
		9267334D187258B600249E37 /* PBXTargetDependency */ = {
			isa = PBXTargetDependency;
			name = NoahsRecordStatic;
			targetProxy = 9267334C187258B600249E37 /* PBXContainerItemProxy */;
		};
		927C9FC0186D66DC00DC0EDC /* PBXTargetDependency */ = {
			isa = PBXTargetDependency;
			target = 927C9F9E186D66DC00DC0EDC /* GraceRoad */;
			targetProxy = 927C9FBF186D66DC00DC0EDC /* PBXContainerItemProxy */;
		};
		927CA090186D7A2D00DC0EDC /* PBXTargetDependency */ = {
			isa = PBXTargetDependency;
			name = Kal;
			targetProxy = 927CA08F186D7A2D00DC0EDC /* PBXContainerItemProxy */;
		};
/* End PBXTargetDependency section */

/* Begin PBXVariantGroup section */
		927C9FAB186D66DC00DC0EDC /* InfoPlist.strings */ = {
			isa = PBXVariantGroup;
			children = (
				927C9FAC186D66DC00DC0EDC /* en */,
			);
			name = InfoPlist.strings;
			sourceTree = "<group>";
		};
		927C9FC4186D66DC00DC0EDC /* InfoPlist.strings */ = {
			isa = PBXVariantGroup;
			children = (
				927C9FC5186D66DC00DC0EDC /* en */,
			);
			name = InfoPlist.strings;
			sourceTree = "<group>";
		};
/* End PBXVariantGroup section */

/* Begin XCBuildConfiguration section */
		927C9FC9186D66DC00DC0EDC /* Debug */ = {
			isa = XCBuildConfiguration;
			buildSettings = {
				ALWAYS_SEARCH_USER_PATHS = NO;
				CLANG_CXX_LANGUAGE_STANDARD = "gnu++0x";
				CLANG_CXX_LIBRARY = "libc++";
				CLANG_ENABLE_MODULES = YES;
				CLANG_ENABLE_OBJC_ARC = YES;
				CLANG_WARN_BOOL_CONVERSION = YES;
				CLANG_WARN_CONSTANT_CONVERSION = YES;
				CLANG_WARN_DIRECT_OBJC_ISA_USAGE = YES_ERROR;
				CLANG_WARN_EMPTY_BODY = YES;
				CLANG_WARN_ENUM_CONVERSION = YES;
				CLANG_WARN_INT_CONVERSION = YES;
				CLANG_WARN_OBJC_ROOT_CLASS = YES_ERROR;
				CLANG_WARN__DUPLICATE_METHOD_MATCH = YES;
				"CODE_SIGN_IDENTITY[sdk=iphoneos*]" = "iPhone Developer";
				COPY_PHASE_STRIP = NO;
				GCC_C_LANGUAGE_STANDARD = gnu99;
				GCC_DYNAMIC_NO_PIC = NO;
				GCC_OPTIMIZATION_LEVEL = 0;
				GCC_PREPROCESSOR_DEFINITIONS = (
					"DEBUG=1",
					"$(inherited)",
				);
				GCC_SYMBOLS_PRIVATE_EXTERN = NO;
				GCC_WARN_64_TO_32_BIT_CONVERSION = YES;
				GCC_WARN_ABOUT_RETURN_TYPE = YES_ERROR;
				GCC_WARN_UNDECLARED_SELECTOR = YES;
				GCC_WARN_UNINITIALIZED_AUTOS = YES;
				GCC_WARN_UNUSED_FUNCTION = YES;
				GCC_WARN_UNUSED_VARIABLE = YES;
				IPHONEOS_DEPLOYMENT_TARGET = 7.0;
				ONLY_ACTIVE_ARCH = YES;
				SDKROOT = iphoneos;
			};
			name = Debug;
		};
		927C9FCA186D66DC00DC0EDC /* Release */ = {
			isa = XCBuildConfiguration;
			buildSettings = {
				ALWAYS_SEARCH_USER_PATHS = NO;
				CLANG_CXX_LANGUAGE_STANDARD = "gnu++0x";
				CLANG_CXX_LIBRARY = "libc++";
				CLANG_ENABLE_MODULES = YES;
				CLANG_ENABLE_OBJC_ARC = YES;
				CLANG_WARN_BOOL_CONVERSION = YES;
				CLANG_WARN_CONSTANT_CONVERSION = YES;
				CLANG_WARN_DIRECT_OBJC_ISA_USAGE = YES_ERROR;
				CLANG_WARN_EMPTY_BODY = YES;
				CLANG_WARN_ENUM_CONVERSION = YES;
				CLANG_WARN_INT_CONVERSION = YES;
				CLANG_WARN_OBJC_ROOT_CLASS = YES_ERROR;
				CLANG_WARN__DUPLICATE_METHOD_MATCH = YES;
				"CODE_SIGN_IDENTITY[sdk=iphoneos*]" = "iPhone Developer";
				COPY_PHASE_STRIP = YES;
				ENABLE_NS_ASSERTIONS = NO;
				GCC_C_LANGUAGE_STANDARD = gnu99;
				GCC_WARN_64_TO_32_BIT_CONVERSION = YES;
				GCC_WARN_ABOUT_RETURN_TYPE = YES_ERROR;
				GCC_WARN_UNDECLARED_SELECTOR = YES;
				GCC_WARN_UNINITIALIZED_AUTOS = YES;
				GCC_WARN_UNUSED_FUNCTION = YES;
				GCC_WARN_UNUSED_VARIABLE = YES;
				IPHONEOS_DEPLOYMENT_TARGET = 7.0;
				SDKROOT = iphoneos;
				VALIDATE_PRODUCT = YES;
			};
			name = Release;
		};
		927C9FCC186D66DC00DC0EDC /* Debug */ = {
			isa = XCBuildConfiguration;
			buildSettings = {
				ASSETCATALOG_COMPILER_APPICON_NAME = AppIcon;
				ASSETCATALOG_COMPILER_LAUNCHIMAGE_NAME = LaunchImage;
				CLANG_ENABLE_OBJC_ARC = NO;
				GCC_PRECOMPILE_PREFIX_HEADER = YES;
				GCC_PREFIX_HEADER = "GraceRoad/GraceRoad-Prefix.pch";
				HEADER_SEARCH_PATHS = (
					"$(inherited)",
					/Applications/Xcode.app/Contents/Developer/Toolchains/XcodeDefault.xctoolchain/usr/include,
					"$(BUILT_PRODUCTS_DIR)/include/",
				);
				INFOPLIST_FILE = "GraceRoad/GraceRoad-Info.plist";
				OTHER_LDFLAGS = (
					"-ObjC",
					"-all_load",
				);
				PRODUCT_NAME = "$(TARGET_NAME)";
				WRAPPER_EXTENSION = app;
			};
			name = Debug;
		};
		927C9FCD186D66DC00DC0EDC /* Release */ = {
			isa = XCBuildConfiguration;
			buildSettings = {
				ASSETCATALOG_COMPILER_APPICON_NAME = AppIcon;
				ASSETCATALOG_COMPILER_LAUNCHIMAGE_NAME = LaunchImage;
				CLANG_ENABLE_OBJC_ARC = NO;
				GCC_PRECOMPILE_PREFIX_HEADER = YES;
				GCC_PREFIX_HEADER = "GraceRoad/GraceRoad-Prefix.pch";
				HEADER_SEARCH_PATHS = (
					"$(inherited)",
					/Applications/Xcode.app/Contents/Developer/Toolchains/XcodeDefault.xctoolchain/usr/include,
					"$(BUILT_PRODUCTS_DIR)/include/",
				);
				INFOPLIST_FILE = "GraceRoad/GraceRoad-Info.plist";
				OTHER_LDFLAGS = (
					"-ObjC",
					"-all_load",
				);
				PRODUCT_NAME = "$(TARGET_NAME)";
				WRAPPER_EXTENSION = app;
			};
			name = Release;
		};
		927C9FCF186D66DC00DC0EDC /* Debug */ = {
			isa = XCBuildConfiguration;
			buildSettings = {
				BUNDLE_LOADER = "$(BUILT_PRODUCTS_DIR)/GraceRoad.app/GraceRoad";
				FRAMEWORK_SEARCH_PATHS = (
					"$(SDKROOT)/Developer/Library/Frameworks",
					"$(inherited)",
					"$(DEVELOPER_FRAMEWORKS_DIR)",
				);
				GCC_PRECOMPILE_PREFIX_HEADER = YES;
				GCC_PREFIX_HEADER = "GraceRoad/GraceRoad-Prefix.pch";
				GCC_PREPROCESSOR_DEFINITIONS = (
					"DEBUG=1",
					"$(inherited)",
				);
				INFOPLIST_FILE = "GraceRoadTests/GraceRoadTests-Info.plist";
				PRODUCT_NAME = "$(TARGET_NAME)";
				TEST_HOST = "$(BUNDLE_LOADER)";
				WRAPPER_EXTENSION = xctest;
			};
			name = Debug;
		};
		927C9FD0186D66DC00DC0EDC /* Release */ = {
			isa = XCBuildConfiguration;
			buildSettings = {
				BUNDLE_LOADER = "$(BUILT_PRODUCTS_DIR)/GraceRoad.app/GraceRoad";
				FRAMEWORK_SEARCH_PATHS = (
					"$(SDKROOT)/Developer/Library/Frameworks",
					"$(inherited)",
					"$(DEVELOPER_FRAMEWORKS_DIR)",
				);
				GCC_PRECOMPILE_PREFIX_HEADER = YES;
				GCC_PREFIX_HEADER = "GraceRoad/GraceRoad-Prefix.pch";
				INFOPLIST_FILE = "GraceRoadTests/GraceRoadTests-Info.plist";
				PRODUCT_NAME = "$(TARGET_NAME)";
				TEST_HOST = "$(BUNDLE_LOADER)";
				WRAPPER_EXTENSION = xctest;
			};
			name = Release;
		};
/* End XCBuildConfiguration section */

/* Begin XCConfigurationList section */
		927C9F9A186D66DC00DC0EDC /* Build configuration list for PBXProject "GraceRoad" */ = {
			isa = XCConfigurationList;
			buildConfigurations = (
				927C9FC9186D66DC00DC0EDC /* Debug */,
				927C9FCA186D66DC00DC0EDC /* Release */,
			);
			defaultConfigurationIsVisible = 0;
			defaultConfigurationName = Release;
		};
		927C9FCB186D66DC00DC0EDC /* Build configuration list for PBXNativeTarget "GraceRoad" */ = {
			isa = XCConfigurationList;
			buildConfigurations = (
				927C9FCC186D66DC00DC0EDC /* Debug */,
				927C9FCD186D66DC00DC0EDC /* Release */,
			);
			defaultConfigurationIsVisible = 0;
			defaultConfigurationName = Release;
		};
		927C9FCE186D66DC00DC0EDC /* Build configuration list for PBXNativeTarget "GraceRoadTests" */ = {
			isa = XCConfigurationList;
			buildConfigurations = (
				927C9FCF186D66DC00DC0EDC /* Debug */,
				927C9FD0186D66DC00DC0EDC /* Release */,
			);
			defaultConfigurationIsVisible = 0;
			defaultConfigurationName = Release;
		};
/* End XCConfigurationList section */
	};
	rootObject = 927C9F97186D66DC00DC0EDC /* Project object */;
}
